Microsoft Visual Studio Solution File, Format Version 12.00
# Visual Studio Version 17
VisualStudioVersion = 17.5.2.0
MinimumVisualStudioVersion = 10.0.40219.1
Project("{FAE04EC0-301F-11D3-BF4B-00C04F79EFBC}") = "VectorDataloader", "VectorDataloader.csproj", "{B52F1B4C-6846-6212-A40F-438556C10ECD}"
EndProject
Global
	GlobalSection(SolutionConfigurationPlatforms) = preSolution
		Debug|Any CPU = Debug|Any CPU
		Release|Any CPU = Release|Any CPU
	EndGlobalSection
	GlobalSection(ProjectConfigurationPlatforms) = postSolution
		{B52F1B4C-6846-6212-A40F-438556C10ECD}.Debug|Any CPU.ActiveCfg = Debug|Any CPU
		{B52F1B4C-6846-6212-A40F-438556C10ECD}.Debug|Any CPU.Build.0 = Debug|Any CPU
		{B52F1B4C-6846-6212-A40F-438556C10ECD}.Release|Any CPU.ActiveCfg = Release|Any CPU
		{B52F1B4C-6846-6212-A40F-438556C10ECD}.Release|Any CPU.Build.0 = Release|Any CPU
	EndGlobalSection
	GlobalSection(SolutionProperties) = preSolution
		HideSolutionNode = FALSE
	EndGlobalSection
	GlobalSection(ExtensibilityGlobals) = postSolution
		SolutionGuid = {B61B3829-82E7-44F5-8D84-82C77E603BA0}
	EndGlobalSection
EndGlobal
