Microsoft Visual Studio Solution File, Format Version 12.00
# Visual Studio Version 17
VisualStudioVersion = 17.5.2.0
MinimumVisualStudioVersion = 10.0.40219.1
Project("{FAE04EC0-301F-11D3-BF4B-00C04F79EFBC}") = "StarWarsCopilot", "StarWarsCopilot.csproj", "{82AA26B2-9817-0A02-F2C5-779F829844E5}"
EndProject
Global
	GlobalSection(SolutionConfigurationPlatforms) = preSolution
		Debug|Any CPU = Debug|Any CPU
		Release|Any CPU = Release|Any CPU
	EndGlobalSection
	GlobalSection(ProjectConfigurationPlatforms) = postSolution
		{82AA26B2-9817-0A02-F2C5-779F829844E5}.Debug|Any CPU.ActiveCfg = Debug|Any CPU
		{82AA26B2-9817-0A02-F2C5-779F829844E5}.Debug|Any CPU.Build.0 = Debug|Any CPU
		{82AA26B2-9817-0A02-F2C5-779F829844E5}.Release|Any CPU.ActiveCfg = Release|Any CPU
		{82AA26B2-9817-0A02-F2C5-779F829844E5}.Release|Any CPU.Build.0 = Release|Any CPU
	EndGlobalSection
	GlobalSection(SolutionProperties) = preSolution
		HideSolutionNode = FALSE
	EndGlobalSection
	GlobalSection(ExtensibilityGlobals) = postSolution
		SolutionGuid = {0CA1B0C6-8204-4CE3-9724-81A72A337C18}
	EndGlobalSection
EndGlobal
